
Microsoft Visual Studio Solution File, Format Version 12.00
# Visual Studio Version 17
VisualStudioVersion = 17.14.36717.8
MinimumVisualStudioVersion = 10.0.40219.1
Project("{FAE04EC0-301F-11D3-BF4B-00C04F79EFBC}") = "Day 03", "Day 03\Day 03.csproj", "{C22F3897-B63F-4043-A1AA-49326331B684}"
EndProject
Project("{FAE04EC0-301F-11D3-BF4B-00C04F79EFBC}") = "Day 01", "Day 01\Day 01.csproj", "{7D5CC353-EB36-AE57-3328-099EED0CABBE}"
EndProject
Project("{FAE04EC0-301F-11D3-BF4B-00C04F79EFBC}") = "Day 02", "Day 02\Day 02.csproj", "{57E8DDE6-1CB2-029D-D2E1-A24CBA556109}"
EndProject
Project("{FAE04EC0-301F-11D3-BF4B-00C04F79EFBC}") = "Day 04", "Day 04\Day 04.csproj", "{DABE59FD-C6C1-42EA-9FFA-A917CB3F1958}"
EndProject
Project("{FAE04EC0-301F-11D3-BF4B-00C04F79EFBC}") = "Day 05", "Day 05\Day 05.csproj", "{F805E6E1-F0C2-40B9-869E-199A50EC4E1E}"
EndProject
Project("{FAE04EC0-301F-11D3-BF4B-00C04F79EFBC}") = "Day 06", "Day 06\Day 06.csproj", "{C830B162-5ACB-45EE-B549-EC8BAF778FD8}"
EndProject
Project("{FAE04EC0-301F-11D3-BF4B-00C04F79EFBC}") = "Day 07", "Day 07\Day 07.csproj", "{473950A3-98D4-487A-B8D5-F4912FA5EC58}"
EndProject
Project("{FAE04EC0-301F-11D3-BF4B-00C04F79EFBC}") = "Day 08", "Day 08\Day 08.csproj", "{862E4A43-BEBF-4464-AA18-75688D2B8D04}"
EndProject
Project("{FAE04EC0-301F-11D3-BF4B-00C04F79EFBC}") = "Day 09", "Day 09\Day 09.csproj", "{6A87416A-9925-4B45-A4D5-396A185B2327}"
EndProject
Project("{FAE04EC0-301F-11D3-BF4B-00C04F79EFBC}") = "Day 10", "Day 10\Day 10.csproj", "{ACCC9D9F-219E-4759-9DB2-0A0AA4A4D901}"
EndProject
Project("{FAE04EC0-301F-11D3-BF4B-00C04F79EFBC}") = "Day 11", "Day 11\Day 11.csproj", "{E332394C-AC0D-4EB3-B17B-57BC3EFE5FCC}"
EndProject
Global
	GlobalSection(SolutionConfigurationPlatforms) = preSolution
		Debug|Any CPU = Debug|Any CPU
		Release|Any CPU = Release|Any CPU
	EndGlobalSection
	GlobalSection(ProjectConfigurationPlatforms) = postSolution
		{C22F3897-B63F-4043-A1AA-49326331B684}.Debug|Any CPU.ActiveCfg = Debug|Any CPU
		{C22F3897-B63F-4043-A1AA-49326331B684}.Debug|Any CPU.Build.0 = Debug|Any CPU
		{C22F3897-B63F-4043-A1AA-49326331B684}.Release|Any CPU.ActiveCfg = Release|Any CPU
		{C22F3897-B63F-4043-A1AA-49326331B684}.Release|Any CPU.Build.0 = Release|Any CPU
		{7D5CC353-EB36-AE57-3328-099EED0CABBE}.Debug|Any CPU.ActiveCfg = Debug|Any CPU
		{7D5CC353-EB36-AE57-3328-099EED0CABBE}.Debug|Any CPU.Build.0 = Debug|Any CPU
		{7D5CC353-EB36-AE57-3328-099EED0CABBE}.Release|Any CPU.ActiveCfg = Release|Any CPU
		{7D5CC353-EB36-AE57-3328-099EED0CABBE}.Release|Any CPU.Build.0 = Release|Any CPU
		{57E8DDE6-1CB2-029D-D2E1-A24CBA556109}.Debug|Any CPU.ActiveCfg = Debug|Any CPU
		{57E8DDE6-1CB2-029D-D2E1-A24CBA556109}.Debug|Any CPU.Build.0 = Debug|Any CPU
		{57E8DDE6-1CB2-029D-D2E1-A24CBA556109}.Release|Any CPU.ActiveCfg = Release|Any CPU
		{57E8DDE6-1CB2-029D-D2E1-A24CBA556109}.Release|Any CPU.Build.0 = Release|Any CPU
		{DABE59FD-C6C1-42EA-9FFA-A917CB3F1958}.Debug|Any CPU.ActiveCfg = Debug|Any CPU
		{DABE59FD-C6C1-42EA-9FFA-A917CB3F1958}.Debug|Any CPU.Build.0 = Debug|Any CPU
		{DABE59FD-C6C1-42EA-9FFA-A917CB3F1958}.Release|Any CPU.ActiveCfg = Release|Any CPU
		{DABE59FD-C6C1-42EA-9FFA-A917CB3F1958}.Release|Any CPU.Build.0 = Release|Any CPU
		{F805E6E1-F0C2-40B9-869E-199A50EC4E1E}.Debug|Any CPU.ActiveCfg = Debug|Any CPU
		{F805E6E1-F0C2-40B9-869E-199A50EC4E1E}.Debug|Any CPU.Build.0 = Debug|Any CPU
		{F805E6E1-F0C2-40B9-869E-199A50EC4E1E}.Release|Any CPU.ActiveCfg = Release|Any CPU
		{F805E6E1-F0C2-40B9-869E-199A50EC4E1E}.Release|Any CPU.Build.0 = Release|Any CPU
		{C830B162-5ACB-45EE-B549-EC8BAF778FD8}.Debug|Any CPU.ActiveCfg = Debug|Any CPU
		{C830B162-5ACB-45EE-B549-EC8BAF778FD8}.Debug|Any CPU.Build.0 = Debug|Any CPU
		{C830B162-5ACB-45EE-B549-EC8BAF778FD8}.Release|Any CPU.ActiveCfg = Release|Any CPU
		{C830B162-5ACB-45EE-B549-EC8BAF778FD8}.Release|Any CPU.Build.0 = Release|Any CPU
		{473950A3-98D4-487A-B8D5-F4912FA5EC58}.Debug|Any CPU.ActiveCfg = Debug|Any CPU
		{473950A3-98D4-487A-B8D5-F4912FA5EC58}.Debug|Any CPU.Build.0 = Debug|Any CPU
		{473950A3-98D4-487A-B8D5-F4912FA5EC58}.Release|Any CPU.ActiveCfg = Release|Any CPU
		{473950A3-98D4-487A-B8D5-F4912FA5EC58}.Release|Any CPU.Build.0 = Release|Any CPU
		{862E4A43-BEBF-4464-AA18-75688D2B8D04}.Debug|Any CPU.ActiveCfg = Debug|Any CPU
		{862E4A43-BEBF-4464-AA18-75688D2B8D04}.Debug|Any CPU.Build.0 = Debug|Any CPU
		{862E4A43-BEBF-4464-AA18-75688D2B8D04}.Release|Any CPU.ActiveCfg = Release|Any CPU
		{862E4A43-BEBF-4464-AA18-75688D2B8D04}.Release|Any CPU.Build.0 = Release|Any CPU
		{6A87416A-9925-4B45-A4D5-396A185B2327}.Debug|Any CPU.ActiveCfg = Debug|Any CPU
		{6A87416A-9925-4B45-A4D5-396A185B2327}.Debug|Any CPU.Build.0 = Debug|Any CPU
		{6A87416A-9925-4B45-A4D5-396A185B2327}.Release|Any CPU.ActiveCfg = Release|Any CPU
		{6A87416A-9925-4B45-A4D5-396A185B2327}.Release|Any CPU.Build.0 = Release|Any CPU
		{ACCC9D9F-219E-4759-9DB2-0A0AA4A4D901}.Debug|Any CPU.ActiveCfg = Debug|Any CPU
		{ACCC9D9F-219E-4759-9DB2-0A0AA4A4D901}.Debug|Any CPU.Build.0 = Debug|Any CPU
		{ACCC9D9F-219E-4759-9DB2-0A0AA4A4D901}.Release|Any CPU.ActiveCfg = Release|Any CPU
		{ACCC9D9F-219E-4759-9DB2-0A0AA4A4D901}.Release|Any CPU.Build.0 = Release|Any CPU
		{E332394C-AC0D-4EB3-B17B-57BC3EFE5FCC}.Debug|Any CPU.ActiveCfg = Debug|Any CPU
		{E332394C-AC0D-4EB3-B17B-57BC3EFE5FCC}.Debug|Any CPU.Build.0 = Debug|Any CPU
		{E332394C-AC0D-4EB3-B17B-57BC3EFE5FCC}.Release|Any CPU.ActiveCfg = Release|Any CPU
		{E332394C-AC0D-4EB3-B17B-57BC3EFE5FCC}.Release|Any CPU.Build.0 = Release|Any CPU
	EndGlobalSection
	GlobalSection(SolutionProperties) = preSolution
		HideSolutionNode = FALSE
	EndGlobalSection
	GlobalSection(ExtensibilityGlobals) = postSolution
		SolutionGuid = {4C2BDCAF-58BF-4D69-84D1-9E698C7F8832}
	EndGlobalSection
EndGlobal
